<Solution>
  <Folder Name="/src/">
    <Project Path="src/Penghou.Hufu/Penghou.Hufu.csproj" />
    <Project Path="src/Penghou.Hufu.Cedar/Penghou.Hufu.Cedar.csproj" />
    <Project Path="src/Penghou.Hufu.IO/Penghou.Hufu.IO.csproj" />
    <Project Path="src/Penghou.Hufu.Luban/Penghou.Hufu.Luban.csproj" />
    <Project Path="src/Penghou.Hufu.Sqlite/Penghou.Hufu.Sqlite.csproj" />
    <Project Path="src/Penghou.Hufu.Workflow/Penghou.Hufu.Workflow.csproj" />
    <Project Path="src/Penghou.Hufu.Sandbox/Penghou.Hufu.Sandbox.csproj" />
    <Project Path="src/Penghou.Hufu.Zhinu/Penghou.Hufu.Zhinu.csproj" />
    <Project Path="src/Penghou.Hufu.Fuwen/Penghou.Hufu.Fuwen.csproj" />
  </Folder>
  <Folder Name="/samples/">
    <Project Path="samples/Hufu.SandboxRunner/Hufu.SandboxRunner.csproj" />
  </Folder>
  <Folder Name="/tests/">
    <Project Path="tests/Penghou.Hufu.Tests/Penghou.Hufu.Tests.csproj" />
    <Project Path="tests/Penghou.Hufu.IO.Tests/Penghou.Hufu.IO.Tests.csproj" />
    <Project Path="tests/Penghou.Hufu.Workflow.Tests/Penghou.Hufu.Workflow.Tests.csproj" />
    <Project Path="tests/Penghou.Hufu.Sandbox.Tests/Penghou.Hufu.Sandbox.Tests.csproj" />
    <Project Path="tests/Penghou.Hufu.Zhinu.Tests/Penghou.Hufu.Zhinu.Tests.csproj" />
    <Project Path="tests/Penghou.Hufu.Fuwen.Tests/Penghou.Hufu.Fuwen.Tests.csproj" />
  </Folder>
</Solution>
